// !$*UTF8*$!
{
	archiveVersion = 1;
	classes = {
	};
	objectVersion = 50;
	objects = {

/* Begin PBXBuildFile section */
		C12A1E0525C614D800A3FCA7 /* EnrouteApp.swift in Sources */ = {isa = PBXBuildFile; fileRef = C12A1E0425C614D800A3FCA7 /* EnrouteApp.swift */; };
		C12A1E0925C614D900A3FCA7 /* Assets.xcassets in Resources */ = {isa = PBXBuildFile; fileRef = C12A1E0825C614D900A3FCA7 /* Assets.xcassets */; };
		C12A1E0C25C614D900A3FCA7 /* Preview Assets.xcassets in Resources */ = {isa = PBXBuildFile; fileRef = C12A1E0B25C614D900A3FCA7 /* Preview Assets.xcassets */; };
		C12A1E0E25C614D900A3FCA7 /* Persistence.swift in Sources */ = {isa = PBXBuildFile; fileRef = C12A1E0D25C614D900A3FCA7 /* Persistence.swift */; };
		C12A1E1125C614D900A3FCA7 /* Enroute.xcdatamodeld in Sources */ = {isa = PBXBuildFile; fileRef = C12A1E0F25C614D900A3FCA7 /* Enroute.xcdatamodeld */; };
		C12A1E2325C6174300A3FCA7 /* FilterFlights.swift in Sources */ = {isa = PBXBuildFile; fileRef = C12A1E1925C6174200A3FCA7 /* FilterFlights.swift */; };
		C12A1E2425C6174300A3FCA7 /* FlightAware+AirlineInfo.swift in Sources */ = {isa = PBXBuildFile; fileRef = C12A1E1B25C6174200A3FCA7 /* FlightAware+AirlineInfo.swift */; };
		C12A1E2525C6174300A3FCA7 /* FAFlight.swift in Sources */ = {isa = PBXBuildFile; fileRef = C12A1E1C25C6174200A3FCA7 /* FAFlight.swift */; };
		C12A1E2625C6174300A3FCA7 /* FlightAware+AirportInfo.swift in Sources */ = {isa = PBXBuildFile; fileRef = C12A1E1D25C6174200A3FCA7 /* FlightAware+AirportInfo.swift */; };
		C12A1E2725C6174300A3FCA7 /* FlightAwareRequest.swift in Sources */ = {isa = PBXBuildFile; fileRef = C12A1E1E25C6174200A3FCA7 /* FlightAwareRequest.swift */; };
		C12A1E2825C6174300A3FCA7 /* FlightSimulationData.swift in Sources */ = {isa = PBXBuildFile; fileRef = C12A1E1F25C6174200A3FCA7 /* FlightSimulationData.swift */; };
		C12A1E2925C6174300A3FCA7 /* FlightAware+Enroute.swift in Sources */ = {isa = PBXBuildFile; fileRef = C12A1E2025C6174200A3FCA7 /* FlightAware+Enroute.swift */; };
		C12A1E2A25C6174300A3FCA7 /* FlightsEnrouteView.swift in Sources */ = {isa = PBXBuildFile; fileRef = C12A1E2125C6174300A3FCA7 /* FlightsEnrouteView.swift */; };
		C12A1E2B25C6174300A3FCA7 /* FoundationExtensions.swift in Sources */ = {isa = PBXBuildFile; fileRef = C12A1E2225C6174300A3FCA7 /* FoundationExtensions.swift */; };
		C12A1E2E25C6301200A3FCA7 /* Airport.swift in Sources */ = {isa = PBXBuildFile; fileRef = C12A1E2D25C6301200A3FCA7 /* Airport.swift */; };
		C12A1E3125C63EBC00A3FCA7 /* Airline.swift in Sources */ = {isa = PBXBuildFile; fileRef = C12A1E3025C63EBC00A3FCA7 /* Airline.swift */; };
		C157265425C8F9E600AF72E6 /* MapView.swift in Sources */ = {isa = PBXBuildFile; fileRef = C157265325C8F9E600AF72E6 /* MapView.swift */; };
		C16D014D25C7378100A32802 /* Flight.swift in Sources */ = {isa = PBXBuildFile; fileRef = C16D014C25C7378100A32802 /* Flight.swift */; };
/* End PBXBuildFile section */

/* Begin PBXFileReference section */
		C12A1E0125C614D800A3FCA7 /* Enroute.app */ = {isa = PBXFileReference; explicitFileType = wrapper.application; includeInIndex = 0; path = Enroute.app; sourceTree = BUILT_PRODUCTS_DIR; };
		C12A1E0425C614D800A3FCA7 /* EnrouteApp.swift */ = {isa = PBXFileReference; lastKnownFileType = sourcecode.swift; path = EnrouteApp.swift; sourceTree = "<group>"; };
		C12A1E0825C614D900A3FCA7 /* Assets.xcassets */ = {isa = PBXFileReference; lastKnownFileType = folder.assetcatalog; path = Assets.xcassets; sourceTree = "<group>"; };
		C12A1E0B25C614D900A3FCA7 /* Preview Assets.xcassets */ = {isa = PBXFileReference; lastKnownFileType = folder.assetcatalog; path = "Preview Assets.xcassets"; sourceTree = "<group>"; };
		C12A1E0D25C614D900A3FCA7 /* Persistence.swift */ = {isa = PBXFileReference; lastKnownFileType = sourcecode.swift; path = Persistence.swift; sourceTree = "<group>"; };
		C12A1E1025C614D900A3FCA7 /* Enroute.xcdatamodel */ = {isa = PBXFileReference; lastKnownFileType = wrapper.xcdatamodel; path = Enroute.xcdatamodel; sourceTree = "<group>"; };
		C12A1E1225C614D900A3FCA7 /* Info.plist */ = {isa = PBXFileReference; lastKnownFileType = text.plist.xml; path = Info.plist; sourceTree = "<group>"; };
		C12A1E1925C6174200A3FCA7 /* FilterFlights.swift */ = {isa = PBXFileReference; fileEncoding = 4; lastKnownFileType = sourcecode.swift; path = FilterFlights.swift; sourceTree = "<group>"; };
		C12A1E1B25C6174200A3FCA7 /* FlightAware+AirlineInfo.swift */ = {isa = PBXFileReference; fileEncoding = 4; lastKnownFileType = sourcecode.swift; path = "FlightAware+AirlineInfo.swift"; sourceTree = "<group>"; };
		C12A1E1C25C6174200A3FCA7 /* FAFlight.swift */ = {isa = PBXFileReference; fileEncoding = 4; lastKnownFileType = sourcecode.swift; path = FAFlight.swift; sourceTree = "<group>"; };
		C12A1E1D25C6174200A3FCA7 /* FlightAware+AirportInfo.swift */ = {isa = PBXFileReference; fileEncoding = 4; lastKnownFileType = sourcecode.swift; path = "FlightAware+AirportInfo.swift"; sourceTree = "<group>"; };
		C12A1E1E25C6174200A3FCA7 /* FlightAwareRequest.swift */ = {isa = PBXFileReference; fileEncoding = 4; lastKnownFileType = sourcecode.swift; path = FlightAwareRequest.swift; sourceTree = "<group>"; };
		C12A1E1F25C6174200A3FCA7 /* FlightSimulationData.swift */ = {isa = PBXFileReference; fileEncoding = 4; lastKnownFileType = sourcecode.swift; path = FlightSimulationData.swift; sourceTree = "<group>"; };
		C12A1E2025C6174200A3FCA7 /* FlightAware+Enroute.swift */ = {isa = PBXFileReference; fileEncoding = 4; lastKnownFileType = sourcecode.swift; path = "FlightAware+Enroute.swift"; sourceTree = "<group>"; };
		C12A1E2125C6174300A3FCA7 /* FlightsEnrouteView.swift */ = {isa = PBXFileReference; fileEncoding = 4; lastKnownFileType = sourcecode.swift; path = FlightsEnrouteView.swift; sourceTree = "<group>"; };
		C12A1E2225C6174300A3FCA7 /* FoundationExtensions.swift */ = {isa = PBXFileReference; fileEncoding = 4; lastKnownFileType = sourcecode.swift; path = FoundationExtensions.swift; sourceTree = "<group>"; };
		C12A1E2D25C6301200A3FCA7 /* Airport.swift */ = {isa = PBXFileReference; lastKnownFileType = sourcecode.swift; path = Airport.swift; sourceTree = "<group>"; };
		C12A1E3025C63EBC00A3FCA7 /* Airline.swift */ = {isa = PBXFileReference; lastKnownFileType = sourcecode.swift; path = Airline.swift; sourceTree = "<group>"; };
		C157265325C8F9E600AF72E6 /* MapView.swift */ = {isa = PBXFileReference; lastKnownFileType = sourcecode.swift; path = MapView.swift; sourceTree = "<group>"; };
		C16D014C25C7378100A32802 /* Flight.swift */ = {isa = PBXFileReference; lastKnownFileType = sourcecode.swift; path = Flight.swift; sourceTree = "<group>"; };
/* End PBXFileReference section */

/* Begin PBXFrameworksBuildPhase section */
		C12A1DFE25C614D800A3FCA7 /* Frameworks */ = {
			isa = PBXFrameworksBuildPhase;
			buildActionMask = 2147483647;
			files = (
			);
			runOnlyForDeploymentPostprocessing = 0;
		};
/* End PBXFrameworksBuildPhase section */

/* Begin PBXGroup section */
		C12A1DF825C614D800A3FCA7 = {
			isa = PBXGroup;
			children = (
				C157265325C8F9E600AF72E6 /* MapView.swift */,
				C12A1E0325C614D800A3FCA7 /* Enroute */,
				C12A1E0225C614D800A3FCA7 /* Products */,
			);
			sourceTree = "<group>";
		};
		C12A1E0225C614D800A3FCA7 /* Products */ = {
			isa = PBXGroup;
			children = (
				C12A1E0125C614D800A3FCA7 /* Enroute.app */,
			);
			name = Products;
			sourceTree = "<group>";
		};
		C12A1E0325C614D800A3FCA7 /* Enroute */ = {
			isa = PBXGroup;
			children = (
				C12A1E0425C614D800A3FCA7 /* EnrouteApp.swift */,
				C12A1E3025C63EBC00A3FCA7 /* Airline.swift */,
				C12A1E2D25C6301200A3FCA7 /* Airport.swift */,
				C16D014C25C7378100A32802 /* Flight.swift */,
				C12A1E1925C6174200A3FCA7 /* FilterFlights.swift */,
				C12A1E1A25C6174200A3FCA7 /* FlightAware */,
				C12A1E2125C6174300A3FCA7 /* FlightsEnrouteView.swift */,
				C12A1E2225C6174300A3FCA7 /* FoundationExtensions.swift */,
				C12A1E0825C614D900A3FCA7 /* Assets.xcassets */,
				C12A1E0D25C614D900A3FCA7 /* Persistence.swift */,
				C12A1E1225C614D900A3FCA7 /* Info.plist */,
				C12A1E0F25C614D900A3FCA7 /* Enroute.xcdatamodeld */,
				C12A1E0A25C614D900A3FCA7 /* Preview Content */,
			);
			path = Enroute;
			sourceTree = "<group>";
		};
		C12A1E0A25C614D900A3FCA7 /* Preview Content */ = {
			isa = PBXGroup;
			children = (
				C12A1E0B25C614D900A3FCA7 /* Preview Assets.xcassets */,
			);
			path = "Preview Content";
			sourceTree = "<group>";
		};
		C12A1E1A25C6174200A3FCA7 /* FlightAware */ = {
			isa = PBXGroup;
			children = (
				C12A1E1B25C6174200A3FCA7 /* FlightAware+AirlineInfo.swift */,
				C12A1E1C25C6174200A3FCA7 /* FAFlight.swift */,
				C12A1E1D25C6174200A3FCA7 /* FlightAware+AirportInfo.swift */,
				C12A1E1E25C6174200A3FCA7 /* FlightAwareRequest.swift */,
				C12A1E1F25C6174200A3FCA7 /* FlightSimulationData.swift */,
				C12A1E2025C6174200A3FCA7 /* FlightAware+Enroute.swift */,
			);
			path = FlightAware;
			sourceTree = "<group>";
		};
/* End PBXGroup section */

/* Begin PBXNativeTarget section */
		C12A1E0025C614D800A3FCA7 /* Enroute */ = {
			isa = PBXNativeTarget;
			buildConfigurationList = C12A1E1525C614D900A3FCA7 /* Build configuration list for PBXNativeTarget "Enroute" */;
			buildPhases = (
				C12A1DFD25C614D800A3FCA7 /* Sources */,
				C12A1DFE25C614D800A3FCA7 /* Frameworks */,
				C12A1DFF25C614D800A3FCA7 /* Resources */,
			);
			buildRules = (
			);
			dependencies = (
			);
			name = Enroute;
			productName = Enroute;
			productReference = C12A1E0125C614D800A3FCA7 /* Enroute.app */;
			productType = "com.apple.product-type.application";
		};
/* End PBXNativeTarget section */

/* Begin PBXProject section */
		C12A1DF925C614D800A3FCA7 /* Project object */ = {
			isa = PBXProject;
			attributes = {
				LastSwiftUpdateCheck = 1240;
				LastUpgradeCheck = 1240;
				TargetAttributes = {
					C12A1E0025C614D800A3FCA7 = {
						CreatedOnToolsVersion = 12.4;
					};
				};
			};
			buildConfigurationList = C12A1DFC25C614D800A3FCA7 /* Build configuration list for PBXProject "Enroute" */;
			compatibilityVersion = "Xcode 9.3";
			developmentRegion = en;
			hasScannedForEncodings = 0;
			knownRegions = (
				en,
				Base,
			);
			mainGroup = C12A1DF825C614D800A3FCA7;
			productRefGroup = C12A1E0225C614D800A3FCA7 /* Products */;
			projectDirPath = "";
			projectRoot = "";
			targets = (
				C12A1E0025C614D800A3FCA7 /* Enroute */,
			);
		};
/* End PBXProject section */

/* Begin PBXResourcesBuildPhase section */
		C12A1DFF25C614D800A3FCA7 /* Resources */ = {
			isa = PBXResourcesBuildPhase;
			buildActionMask = 2147483647;
			files = (
				C12A1E0C25C614D900A3FCA7 /* Preview Assets.xcassets in Resources */,
				C12A1E0925C614D900A3FCA7 /* Assets.xcassets in Resources */,
			);
			runOnlyForDeploymentPostprocessing = 0;
		};
/* End PBXResourcesBuildPhase section */

/* Begin PBXSourcesBuildPhase section */
		C12A1DFD25C614D800A3FCA7 /* Sources */ = {
			isa = PBXSourcesBuildPhase;
			buildActionMask = 2147483647;
			files = (
				C12A1E2925C6174300A3FCA7 /* FlightAware+Enroute.swift in Sources */,
				C157265425C8F9E600AF72E6 /* MapView.swift in Sources */,
				C12A1E2B25C6174300A3FCA7 /* FoundationExtensions.swift in Sources */,
				C12A1E0E25C614D900A3FCA7 /* Persistence.swift in Sources */,
				C12A1E3125C63EBC00A3FCA7 /* Airline.swift in Sources */,
				C12A1E2E25C6301200A3FCA7 /* Airport.swift in Sources */,
				C12A1E2325C6174300A3FCA7 /* FilterFlights.swift in Sources */,
				C12A1E2425C6174300A3FCA7 /* FlightAware+AirlineInfo.swift in Sources */,
				C12A1E2825C6174300A3FCA7 /* FlightSimulationData.swift in Sources */,
				C16D014D25C7378100A32802 /* Flight.swift in Sources */,
				C12A1E1125C614D900A3FCA7 /* Enroute.xcdatamodeld in Sources */,
				C12A1E0525C614D800A3FCA7 /* EnrouteApp.swift in Sources */,
				C12A1E2625C6174300A3FCA7 /* FlightAware+AirportInfo.swift in Sources */,
				C12A1E2A25C6174300A3FCA7 /* FlightsEnrouteView.swift in Sources */,
				C12A1E2725C6174300A3FCA7 /* FlightAwareRequest.swift in Sources */,
				C12A1E2525C6174300A3FCA7 /* FAFlight.swift in Sources */,
			);
			runOnlyForDeploymentPostprocessing = 0;
		};
/* End PBXSourcesBuildPhase section */

/* Begin XCBuildConfiguration section */
		C12A1E1325C614D900A3FCA7 /* Debug */ = {
			isa = XCBuildConfiguration;
			buildSettings = {
				ALWAYS_SEARCH_USER_PATHS = NO;
				CLANG_ANALYZER_NONNULL = YES;
				CLANG_ANALYZER_NUMBER_OBJECT_CONVERSION = YES_AGGRESSIVE;
				CLANG_CXX_LANGUAGE_STANDARD = "gnu++14";
				CLANG_CXX_LIBRARY = "libc++";
				CLANG_ENABLE_MODULES = YES;
				CLANG_ENABLE_OBJC_ARC = YES;
				CLANG_ENABLE_OBJC_WEAK = YES;
				CLANG_WARN_BLOCK_CAPTURE_AUTORELEASING = YES;
				CLANG_WARN_BOOL_CONVERSION = YES;
				CLANG_WARN_COMMA = YES;
				CLANG_WARN_CONSTANT_CONVERSION = YES;
				CLANG_WARN_DEPRECATED_OBJC_IMPLEMENTATIONS = YES;
				CLANG_WARN_DIRECT_OBJC_ISA_USAGE = YES_ERROR;
				CLANG_WARN_DOCUMENTATION_COMMENTS = YES;
				CLANG_WARN_EMPTY_BODY = YES;
				CLANG_WARN_ENUM_CONVERSION = YES;
				CLANG_WARN_INFINITE_RECURSION = YES;
				CLANG_WARN_INT_CONVERSION = YES;
				CLANG_WARN_NON_LITERAL_NULL_CONVERSION = YES;
				CLANG_WARN_OBJC_IMPLICIT_RETAIN_SELF = YES;
				CLANG_WARN_OBJC_LITERAL_CONVERSION = YES;
				CLANG_WARN_OBJC_ROOT_CLASS = YES_ERROR;
				CLANG_WARN_QUOTED_INCLUDE_IN_FRAMEWORK_HEADER = YES;
				CLANG_WARN_RANGE_LOOP_ANALYSIS = YES;
				CLANG_WARN_STRICT_PROTOTYPES = YES;
				CLANG_WARN_SUSPICIOUS_MOVE = YES;
				CLANG_WARN_UNGUARDED_AVAILABILITY = YES_AGGRESSIVE;
				CLANG_WARN_UNREACHABLE_CODE = YES;
				CLANG_WARN__DUPLICATE_METHOD_MATCH = YES;
				COPY_PHASE_STRIP = NO;
				DEBUG_INFORMATION_FORMAT = dwarf;
				ENABLE_STRICT_OBJC_MSGSEND = YES;
				ENABLE_TESTABILITY = YES;
				GCC_C_LANGUAGE_STANDARD = gnu11;
				GCC_DYNAMIC_NO_PIC = NO;
				GCC_NO_COMMON_BLOCKS = YES;
				GCC_OPTIMIZATION_LEVEL = 0;
				GCC_PREPROCESSOR_DEFINITIONS = (
					"DEBUG=1",
					"$(inherited)",
				);
				GCC_WARN_64_TO_32_BIT_CONVERSION = YES;
				GCC_WARN_ABOUT_RETURN_TYPE = YES_ERROR;
				GCC_WARN_UNDECLARED_SELECTOR = YES;
				GCC_WARN_UNINITIALIZED_AUTOS = YES_AGGRESSIVE;
				GCC_WARN_UNUSED_FUNCTION = YES;
				GCC_WARN_UNUSED_VARIABLE = YES;
				IPHONEOS_DEPLOYMENT_TARGET = 14.4;
				MTL_ENABLE_DEBUG_INFO = INCLUDE_SOURCE;
				MTL_FAST_MATH = YES;
				ONLY_ACTIVE_ARCH = YES;
				SDKROOT = iphoneos;
				SWIFT_ACTIVE_COMPILATION_CONDITIONS = DEBUG;
				SWIFT_OPTIMIZATION_LEVEL = "-Onone";
			};
			name = Debug;
		};
		C12A1E1425C614D900A3FCA7 /* Release */ = {
			isa = XCBuildConfiguration;
			buildSettings = {
				ALWAYS_SEARCH_USER_PATHS = NO;
				CLANG_ANALYZER_NONNULL = YES;
				CLANG_ANALYZER_NUMBER_OBJECT_CONVERSION = YES_AGGRESSIVE;
				CLANG_CXX_LANGUAGE_STANDARD = "gnu++14";
				CLANG_CXX_LIBRARY = "libc++";
				CLANG_ENABLE_MODULES = YES;
				CLANG_ENABLE_OBJC_ARC = YES;
				CLANG_ENABLE_OBJC_WEAK = YES;
				CLANG_WARN_BLOCK_CAPTURE_AUTORELEASING = YES;
				CLANG_WARN_BOOL_CONVERSION = YES;
				CLANG_WARN_COMMA = YES;
				CLANG_WARN_CONSTANT_CONVERSION = YES;
				CLANG_WARN_DEPRECATED_OBJC_IMPLEMENTATIONS = YES;
				CLANG_WARN_DIRECT_OBJC_ISA_USAGE = YES_ERROR;
				CLANG_WARN_DOCUMENTATION_COMMENTS = YES;
				CLANG_WARN_EMPTY_BODY = YES;
				CLANG_WARN_ENUM_CONVERSION = YES;
				CLANG_WARN_INFINITE_RECURSION = YES;
				CLANG_WARN_INT_CONVERSION = YES;
				CLANG_WARN_NON_LITERAL_NULL_CONVERSION = YES;
				CLANG_WARN_OBJC_IMPLICIT_RETAIN_SELF = YES;
				CLANG_WARN_OBJC_LITERAL_CONVERSION = YES;
				CLANG_WARN_OBJC_ROOT_CLASS = YES_ERROR;
				CLANG_WARN_QUOTED_INCLUDE_IN_FRAMEWORK_HEADER = YES;
				CLANG_WARN_RANGE_LOOP_ANALYSIS = YES;
				CLANG_WARN_STRICT_PROTOTYPES = YES;
				CLANG_WARN_SUSPICIOUS_MOVE = YES;
				CLANG_WARN_UNGUARDED_AVAILABILITY = YES_AGGRESSIVE;
				CLANG_WARN_UNREACHABLE_CODE = YES;
				CLANG_WARN__DUPLICATE_METHOD_MATCH = YES;
				COPY_PHASE_STRIP = NO;
				DEBUG_INFORMATION_FORMAT = "dwarf-with-dsym";
				ENABLE_NS_ASSERTIONS = NO;
				ENABLE_STRICT_OBJC_MSGSEND = YES;
				GCC_C_LANGUAGE_STANDARD = gnu11;
				GCC_NO_COMMON_BLOCKS = YES;
				GCC_WARN_64_TO_32_BIT_CONVERSION = YES;
				GCC_WARN_ABOUT_RETURN_TYPE = YES_ERROR;
				GCC_WARN_UNDECLARED_SELECTOR = YES;
				GCC_WARN_UNINITIALIZED_AUTOS = YES_AGGRESSIVE;
				GCC_WARN_UNUSED_FUNCTION = YES;
				GCC_WARN_UNUSED_VARIABLE = YES;
				IPHONEOS_DEPLOYMENT_TARGET = 14.4;
				MTL_ENABLE_DEBUG_INFO = NO;
				MTL_FAST_MATH = YES;
				SDKROOT = iphoneos;
				SWIFT_COMPILATION_MODE = wholemodule;
				SWIFT_OPTIMIZATION_LEVEL = "-O";
				VALIDATE_PRODUCT = YES;
			};
			name = Release;
		};
		C12A1E1625C614D900A3FCA7 /* Debug */ = {
			isa = XCBuildConfiguration;
			buildSettings = {
				ASSETCATALOG_COMPILER_APPICON_NAME = AppIcon;
				ASSETCATALOG_COMPILER_GLOBAL_ACCENT_COLOR_NAME = AccentColor;
				CODE_SIGN_STYLE = Automatic;
				DEVELOPMENT_ASSET_PATHS = "\"Enroute/Preview Content\"";
				DEVELOPMENT_TEAM = DFDCS22GK9;
				ENABLE_PREVIEWS = YES;
				INFOPLIST_FILE = Enroute/Info.plist;
				IPHONEOS_DEPLOYMENT_TARGET = 14.0;
				LD_RUNPATH_SEARCH_PATHS = (
					"$(inherited)",
					"@executable_path/Frameworks",
				);
				PRODUCT_BUNDLE_IDENTIFIER = "gn02.nguyen-gmail.com.Enroute";
				PRODUCT_NAME = "$(TARGET_NAME)";
				SWIFT_VERSION = 5.0;
				TARGETED_DEVICE_FAMILY = "1,2";
			};
			name = Debug;
		};
		C12A1E1725C614D900A3FCA7 /* Release */ = {
			isa = XCBuildConfiguration;
			buildSettings = {
				ASSETCATALOG_COMPILER_APPICON_NAME = AppIcon;
				ASSETCATALOG_COMPILER_GLOBAL_ACCENT_COLOR_NAME = AccentColor;
				CODE_SIGN_STYLE = Automatic;
				DEVELOPMENT_ASSET_PATHS = "\"Enroute/Preview Content\"";
				DEVELOPMENT_TEAM = DFDCS22GK9;
				ENABLE_PREVIEWS = YES;
				INFOPLIST_FILE = Enroute/Info.plist;
				IPHONEOS_DEPLOYMENT_TARGET = 14.0;
				LD_RUNPATH_SEARCH_PATHS = (
					"$(inherited)",
					"@executable_path/Frameworks",
				);
				PRODUCT_BUNDLE_IDENTIFIER = "gn02.nguyen-gmail.com.Enroute";
				PRODUCT_NAME = "$(TARGET_NAME)";
				SWIFT_VERSION = 5.0;
				TARGETED_DEVICE_FAMILY = "1,2";
			};
			name = Release;
		};
/* End XCBuildConfiguration section */

/* Begin XCConfigurationList section */
		C12A1DFC25C614D800A3FCA7 /* Build configuration list for PBXProject "Enroute" */ = {
			isa = XCConfigurationList;
			buildConfigurations = (
				C12A1E1325C614D900A3FCA7 /* Debug */,
				C12A1E1425C614D900A3FCA7 /* Release */,
			);
			defaultConfigurationIsVisible = 0;
			defaultConfigurationName = Release;
		};
		C12A1E1525C614D900A3FCA7 /* Build configuration list for PBXNativeTarget "Enroute" */ = {
			isa = XCConfigurationList;
			buildConfigurations = (
				C12A1E1625C614D900A3FCA7 /* Debug */,
				C12A1E1725C614D900A3FCA7 /* Release */,
			);
			defaultConfigurationIsVisible = 0;
			defaultConfigurationName = Release;
		};
/* End XCConfigurationList section */

/* Begin XCVersionGroup section */
		C12A1E0F25C614D900A3FCA7 /* Enroute.xcdatamodeld */ = {
			isa = XCVersionGroup;
			children = (
				C12A1E1025C614D900A3FCA7 /* Enroute.xcdatamodel */,
			);
			currentVersion = C12A1E1025C614D900A3FCA7 /* Enroute.xcdatamodel */;
			path = Enroute.xcdatamodeld;
			sourceTree = "<group>";
			versionGroupType = wrapper.xcdatamodel;
		};
/* End XCVersionGroup section */
	};
	rootObject = C12A1DF925C614D800A3FCA7 /* Project object */;
}
